PODS:
  - Alamofire (4.8.1)
  - AlamofireObjectMapper (5.2.0):
    - Alamofire (~> 4.7)
    - ObjectMapper (~> 3.4)
  - Charts (3.2.1):
    - Charts/Core (= 3.2.1)
  - Charts/Core (3.2.1)
  - ObjectMapper (3.4.2)
  - SwiftyBeaver (1.6.1)

DEPENDENCIES:
  - Alamofire (~> 4.7)
  - AlamofireObjectMapper (~> 5.2)
  - Charts
  - ObjectMapper (~> 3.4)
  - SwiftyBeaver

SPEC REPOS:
  https://github.com/cocoapods/specs.git:
    - Alamofire
    - AlamofireObjectMapper
    - Charts
    - ObjectMapper
    - SwiftyBeaver

SPEC CHECKSUMS:
  Alamofire: 16ce2c353fb72865124ddae8a57c5942388f4f11
  AlamofireObjectMapper: 92b6ce2423a9d159e686f6a1d514a009bf903ddc
  Charts: f122fb70b19847fa5817d018b77d6c5a2296ab25
  ObjectMapper: 0d4402610f4e468903ae64629eec4784531e5c51
  SwiftyBeaver: ccfcdf85a04d429f1633f668650b0ce8020bda3a

PODFILE CHECKSUM: bcd9ebda79030430975bb321804b0a403fcd5c83

COCOAPODS: 1.5.3
