// !$*UTF8*$!
{
	archiveVersion = 1;
	classes = {
	};
	objectVersion = 48;
	objects = {

/* Begin PBXBuildFile section */
		23ED7211D7EC83592503F989 /* Pods_iOS_client_wakatime.framework in Frameworks */ = {isa = PBXBuildFile; fileRef = 720D77E2903182E0201514F9 /* Pods_iOS_client_wakatime.framework */; };
		763F92AB201A007600818354 /* StatisticsController.swift in Sources */ = {isa = PBXBuildFile; fileRef = 763F92AA201A007600818354 /* StatisticsController.swift */; };
		763F92AD201A053200818354 /* Statistic.swift in Sources */ = {isa = PBXBuildFile; fileRef = 763F92AC201A053200818354 /* Statistic.swift */; };
		763F92AF201A1D0F00818354 /* StatisticData.swift in Sources */ = {isa = PBXBuildFile; fileRef = 763F92AE201A1D0F00818354 /* StatisticData.swift */; };
		763F92B1201A1D3400818354 /* BestDay.swift in Sources */ = {isa = PBXBuildFile; fileRef = 763F92B0201A1D3400818354 /* BestDay.swift */; };
		763F92B3201A1D4C00818354 /* Editor.swift in Sources */ = {isa = PBXBuildFile; fileRef = 763F92B2201A1D4C00818354 /* Editor.swift */; };
		763F92B5201A1D6300818354 /* Language.swift in Sources */ = {isa = PBXBuildFile; fileRef = 763F92B4201A1D6300818354 /* Language.swift */; };
		763F92B7201A1D6F00818354 /* OperatingSystem.swift in Sources */ = {isa = PBXBuildFile; fileRef = 763F92B6201A1D6F00818354 /* OperatingSystem.swift */; };
		763F92B9201A1D7C00818354 /* Project.swift in Sources */ = {isa = PBXBuildFile; fileRef = 763F92B8201A1D7C00818354 /* Project.swift */; };
		76B737362018A863005260D5 /* KeychainPasswordItem.swift in Sources */ = {isa = PBXBuildFile; fileRef = 76B737352018A863005260D5 /* KeychainPasswordItem.swift */; };
		76B737382018A8D5005260D5 /* KeychainConfiguration.swift in Sources */ = {isa = PBXBuildFile; fileRef = 76B737372018A8D5005260D5 /* KeychainConfiguration.swift */; };
		76E16582200F786400898273 /* AppDelegate.swift in Sources */ = {isa = PBXBuildFile; fileRef = 76E16581200F786400898273 /* AppDelegate.swift */; };
		76E16584200F786400898273 /* WakaTimeLoginViewController.swift in Sources */ = {isa = PBXBuildFile; fileRef = 76E16583200F786400898273 /* WakaTimeLoginViewController.swift */; };
		76E16587200F786400898273 /* Main.storyboard in Resources */ = {isa = PBXBuildFile; fileRef = 76E16585200F786400898273 /* Main.storyboard */; };
		76E16589200F786400898273 /* Assets.xcassets in Resources */ = {isa = PBXBuildFile; fileRef = 76E16588200F786400898273 /* Assets.xcassets */; };
		76E1658C200F786400898273 /* LaunchScreen.storyboard in Resources */ = {isa = PBXBuildFile; fileRef = 76E1658A200F786400898273 /* LaunchScreen.storyboard */; };
		76E16597200F786400898273 /* iOS_client_wakatimeTests.swift in Sources */ = {isa = PBXBuildFile; fileRef = 76E16596200F786400898273 /* iOS_client_wakatimeTests.swift */; };
		76E165A5200F82FD00898273 /* .gitignore in Resources */ = {isa = PBXBuildFile; fileRef = 76E165A4200F82FD00898273 /* .gitignore */; };
		76F456FA2017677A00AF3F8B /* WakaTimeDiagramViewController.swift in Sources */ = {isa = PBXBuildFile; fileRef = 76F456F92017677A00AF3F8B /* WakaTimeDiagramViewController.swift */; };
		9EDA42C5C2D6E2BFBB4F3FA7 /* Pods_iOS_client_wakatimeTests.framework in Frameworks */ = {isa = PBXBuildFile; fileRef = D1CFC8D035215324BAB87D29 /* Pods_iOS_client_wakatimeTests.framework */; };
/* End PBXBuildFile section */

/* Begin PBXContainerItemProxy section */
		76E16593200F786400898273 /* PBXContainerItemProxy */ = {
			isa = PBXContainerItemProxy;
			containerPortal = 76E16576200F786400898273 /* Project object */;
			proxyType = 1;
			remoteGlobalIDString = 76E1657D200F786400898273;
			remoteInfo = "iOS-client-wakatime";
		};
/* End PBXContainerItemProxy section */

/* Begin PBXFileReference section */
		3D41A6A5158E32E2EFA83206 /* Pods-iOS-client-wakatimeTests.debug.xcconfig */ = {isa = PBXFileReference; includeInIndex = 1; lastKnownFileType = text.xcconfig; name = "Pods-iOS-client-wakatimeTests.debug.xcconfig"; path = "Pods/Target Support Files/Pods-iOS-client-wakatimeTests/Pods-iOS-client-wakatimeTests.debug.xcconfig"; sourceTree = "<group>"; };
		720D77E2903182E0201514F9 /* Pods_iOS_client_wakatime.framework */ = {isa = PBXFileReference; explicitFileType = wrapper.framework; includeInIndex = 0; path = Pods_iOS_client_wakatime.framework; sourceTree = BUILT_PRODUCTS_DIR; };
		763F92AA201A007600818354 /* StatisticsController.swift */ = {isa = PBXFileReference; lastKnownFileType = sourcecode.swift; path = StatisticsController.swift; sourceTree = "<group>"; };
		763F92AC201A053200818354 /* Statistic.swift */ = {isa = PBXFileReference; lastKnownFileType = sourcecode.swift; path = Statistic.swift; sourceTree = "<group>"; };
		763F92AE201A1D0F00818354 /* StatisticData.swift */ = {isa = PBXFileReference; lastKnownFileType = sourcecode.swift; path = StatisticData.swift; sourceTree = "<group>"; };
		763F92B0201A1D3400818354 /* BestDay.swift */ = {isa = PBXFileReference; lastKnownFileType = sourcecode.swift; path = BestDay.swift; sourceTree = "<group>"; };
		763F92B2201A1D4C00818354 /* Editor.swift */ = {isa = PBXFileReference; lastKnownFileType = sourcecode.swift; path = Editor.swift; sourceTree = "<group>"; };
		763F92B4201A1D6300818354 /* Language.swift */ = {isa = PBXFileReference; lastKnownFileType = sourcecode.swift; path = Language.swift; sourceTree = "<group>"; };
		763F92B6201A1D6F00818354 /* OperatingSystem.swift */ = {isa = PBXFileReference; lastKnownFileType = sourcecode.swift; path = OperatingSystem.swift; sourceTree = "<group>"; };
		763F92B8201A1D7C00818354 /* Project.swift */ = {isa = PBXFileReference; lastKnownFileType = sourcecode.swift; path = Project.swift; sourceTree = "<group>"; };
		76B737352018A863005260D5 /* KeychainPasswordItem.swift */ = {isa = PBXFileReference; fileEncoding = 4; lastKnownFileType = sourcecode.swift; path = KeychainPasswordItem.swift; sourceTree = "<group>"; };
		76B737372018A8D5005260D5 /* KeychainConfiguration.swift */ = {isa = PBXFileReference; fileEncoding = 4; lastKnownFileType = sourcecode.swift; path = KeychainConfiguration.swift; sourceTree = "<group>"; };
		76E1657E200F786400898273 /* iOS-client-wakatime.app */ = {isa = PBXFileReference; explicitFileType = wrapper.application; includeInIndex = 0; path = "iOS-client-wakatime.app"; sourceTree = BUILT_PRODUCTS_DIR; };
		76E16581200F786400898273 /* AppDelegate.swift */ = {isa = PBXFileReference; lastKnownFileType = sourcecode.swift; path = AppDelegate.swift; sourceTree = "<group>"; };
		76E16583200F786400898273 /* WakaTimeLoginViewController.swift */ = {isa = PBXFileReference; lastKnownFileType = sourcecode.swift; path = WakaTimeLoginViewController.swift; sourceTree = "<group>"; };
		76E16586200F786400898273 /* Base */ = {isa = PBXFileReference; lastKnownFileType = file.storyboard; name = Base; path = Base.lproj/Main.storyboard; sourceTree = "<group>"; };
		76E16588200F786400898273 /* Assets.xcassets */ = {isa = PBXFileReference; lastKnownFileType = folder.assetcatalog; path = Assets.xcassets; sourceTree = "<group>"; };
		76E1658B200F786400898273 /* Base */ = {isa = PBXFileReference; lastKnownFileType = file.storyboard; name = Base; path = Base.lproj/LaunchScreen.storyboard; sourceTree = "<group>"; };
		76E1658D200F786400898273 /* Info.plist */ = {isa = PBXFileReference; lastKnownFileType = text.plist.xml; path = Info.plist; sourceTree = "<group>"; };
		76E16592200F786400898273 /* iOS-client-wakatimeTests.xctest */ = {isa = PBXFileReference; explicitFileType = wrapper.cfbundle; includeInIndex = 0; path = "iOS-client-wakatimeTests.xctest"; sourceTree = BUILT_PRODUCTS_DIR; };
		76E16596200F786400898273 /* iOS_client_wakatimeTests.swift */ = {isa = PBXFileReference; lastKnownFileType = sourcecode.swift; path = iOS_client_wakatimeTests.swift; sourceTree = "<group>"; };
		76E16598200F786400898273 /* Info.plist */ = {isa = PBXFileReference; lastKnownFileType = text.plist.xml; path = Info.plist; sourceTree = "<group>"; };
		76E165A4200F82FD00898273 /* .gitignore */ = {isa = PBXFileReference; lastKnownFileType = text; path = .gitignore; sourceTree = "<group>"; };
		76F456F92017677A00AF3F8B /* WakaTimeDiagramViewController.swift */ = {isa = PBXFileReference; lastKnownFileType = sourcecode.swift; path = WakaTimeDiagramViewController.swift; sourceTree = "<group>"; };
		7B08D060A20379ABC1BFEADF /* Pods-iOS-client-wakatimeTests.release.xcconfig */ = {isa = PBXFileReference; includeInIndex = 1; lastKnownFileType = text.xcconfig; name = "Pods-iOS-client-wakatimeTests.release.xcconfig"; path = "Pods/Target Support Files/Pods-iOS-client-wakatimeTests/Pods-iOS-client-wakatimeTests.release.xcconfig"; sourceTree = "<group>"; };
		B527DF088FEF320031175D45 /* Pods-iOS-client-wakatime.debug.xcconfig */ = {isa = PBXFileReference; includeInIndex = 1; lastKnownFileType = text.xcconfig; name = "Pods-iOS-client-wakatime.debug.xcconfig"; path = "Pods/Target Support Files/Pods-iOS-client-wakatime/Pods-iOS-client-wakatime.debug.xcconfig"; sourceTree = "<group>"; };
		C8891AF9F153BC2035D85798 /* Pods-iOS-client-wakatime.release.xcconfig */ = {isa = PBXFileReference; includeInIndex = 1; lastKnownFileType = text.xcconfig; name = "Pods-iOS-client-wakatime.release.xcconfig"; path = "Pods/Target Support Files/Pods-iOS-client-wakatime/Pods-iOS-client-wakatime.release.xcconfig"; sourceTree = "<group>"; };
		D1CFC8D035215324BAB87D29 /* Pods_iOS_client_wakatimeTests.framework */ = {isa = PBXFileReference; explicitFileType = wrapper.framework; includeInIndex = 0; path = Pods_iOS_client_wakatimeTests.framework; sourceTree = BUILT_PRODUCTS_DIR; };
/* End PBXFileReference section */

/* Begin PBXFrameworksBuildPhase section */
		76E1657B200F786400898273 /* Frameworks */ = {
			isa = PBXFrameworksBuildPhase;
			buildActionMask = 2147483647;
			files = (
				23ED7211D7EC83592503F989 /* Pods_iOS_client_wakatime.framework in Frameworks */,
			);
			runOnlyForDeploymentPostprocessing = 0;
		};
		76E1658F200F786400898273 /* Frameworks */ = {
			isa = PBXFrameworksBuildPhase;
			buildActionMask = 2147483647;
			files = (
				9EDA42C5C2D6E2BFBB4F3FA7 /* Pods_iOS_client_wakatimeTests.framework in Frameworks */,
			);
			runOnlyForDeploymentPostprocessing = 0;
		};
/* End PBXFrameworksBuildPhase section */

/* Begin PBXGroup section */
		5F602BA7EE8D6ECCDF7EE35A /* Frameworks */ = {
			isa = PBXGroup;
			children = (
				720D77E2903182E0201514F9 /* Pods_iOS_client_wakatime.framework */,
				D1CFC8D035215324BAB87D29 /* Pods_iOS_client_wakatimeTests.framework */,
			);
			name = Frameworks;
			sourceTree = "<group>";
		};
		764C5C552013A6C200526EF2 /* View */ = {
			isa = PBXGroup;
			children = (
				76E16585200F786400898273 /* Main.storyboard */,
				76E1658A200F786400898273 /* LaunchScreen.storyboard */,
			);
			path = View;
			sourceTree = "<group>";
		};
		764C5C562013A6DE00526EF2 /* Controller */ = {
			isa = PBXGroup;
			children = (
				763F92AA201A007600818354 /* StatisticsController.swift */,
			);
			path = Controller;
			sourceTree = "<group>";
		};
		764C5C572013A6F200526EF2 /* ViewController */ = {
			isa = PBXGroup;
			children = (
				76E16583200F786400898273 /* WakaTimeLoginViewController.swift */,
				76F456F92017677A00AF3F8B /* WakaTimeDiagramViewController.swift */,
			);
			path = ViewController;
			sourceTree = "<group>";
		};
		764C5C582013A6FE00526EF2 /* Model */ = {
			isa = PBXGroup;
			children = (
				763F92AC201A053200818354 /* Statistic.swift */,
				763F92AE201A1D0F00818354 /* StatisticData.swift */,
				763F92B0201A1D3400818354 /* BestDay.swift */,
				763F92B2201A1D4C00818354 /* Editor.swift */,
				763F92B4201A1D6300818354 /* Language.swift */,
				763F92B6201A1D6F00818354 /* OperatingSystem.swift */,
				763F92B8201A1D7C00818354 /* Project.swift */,
			);
			path = Model;
			sourceTree = "<group>";
		};
		76E16575200F786400898273 = {
			isa = PBXGroup;
			children = (
				76E165A1200F818800898273 /* git */,
				76E16580200F786400898273 /* iOS-client-wakatime */,
				76E16595200F786400898273 /* iOS-client-wakatimeTests */,
				76E1657F200F786400898273 /* Products */,
				AE7DF9270FDB0B2C4828093F /* Pods */,
				5F602BA7EE8D6ECCDF7EE35A /* Frameworks */,
			);
			sourceTree = "<group>";
		};
		76E1657F200F786400898273 /* Products */ = {
			isa = PBXGroup;
			children = (
				76E1657E200F786400898273 /* iOS-client-wakatime.app */,
				76E16592200F786400898273 /* iOS-client-wakatimeTests.xctest */,
			);
			name = Products;
			sourceTree = "<group>";
		};
		76E16580200F786400898273 /* iOS-client-wakatime */ = {
			isa = PBXGroup;
			children = (
				764C5C582013A6FE00526EF2 /* Model */,
				764C5C572013A6F200526EF2 /* ViewController */,
				764C5C562013A6DE00526EF2 /* Controller */,
				764C5C552013A6C200526EF2 /* View */,
				76E16581200F786400898273 /* AppDelegate.swift */,
				76B737372018A8D5005260D5 /* KeychainConfiguration.swift */,
				76B737352018A863005260D5 /* KeychainPasswordItem.swift */,
				76E16588200F786400898273 /* Assets.xcassets */,
				76E1658D200F786400898273 /* Info.plist */,
			);
			path = "iOS-client-wakatime";
			sourceTree = "<group>";
		};
		76E16595200F786400898273 /* iOS-client-wakatimeTests */ = {
			isa = PBXGroup;
			children = (
				76E16596200F786400898273 /* iOS_client_wakatimeTests.swift */,
				76E16598200F786400898273 /* Info.plist */,
			);
			path = "iOS-client-wakatimeTests";
			sourceTree = "<group>";
		};
		76E165A1200F818800898273 /* git */ = {
			isa = PBXGroup;
			children = (
				76E165A4200F82FD00898273 /* .gitignore */,
			);
			path = git;
			sourceTree = "<group>";
		};
		AE7DF9270FDB0B2C4828093F /* Pods */ = {
			isa = PBXGroup;
			children = (
				B527DF088FEF320031175D45 /* Pods-iOS-client-wakatime.debug.xcconfig */,
				C8891AF9F153BC2035D85798 /* Pods-iOS-client-wakatime.release.xcconfig */,
				3D41A6A5158E32E2EFA83206 /* Pods-iOS-client-wakatimeTests.debug.xcconfig */,
				7B08D060A20379ABC1BFEADF /* Pods-iOS-client-wakatimeTests.release.xcconfig */,
			);
			name = Pods;
			sourceTree = "<group>";
		};
/* End PBXGroup section */

/* Begin PBXNativeTarget section */
		76E1657D200F786400898273 /* iOS-client-wakatime */ = {
			isa = PBXNativeTarget;
			buildConfigurationList = 76E1659B200F786400898273 /* Build configuration list for PBXNativeTarget "iOS-client-wakatime" */;
			buildPhases = (
				2DF27EAC03E807B6F1EA3473 /* [CP] Check Pods Manifest.lock */,
				76E1657A200F786400898273 /* Sources */,
				76E1657B200F786400898273 /* Frameworks */,
				76E1657C200F786400898273 /* Resources */,
				8A537FEED921BCAE84CEF552 /* [CP] Embed Pods Frameworks */,
				85F127205E848F72A420A260 /* [CP] Copy Pods Resources */,
			);
			buildRules = (
			);
			dependencies = (
			);
			name = "iOS-client-wakatime";
			productName = "iOS-client-wakatime";
			productReference = 76E1657E200F786400898273 /* iOS-client-wakatime.app */;
			productType = "com.apple.product-type.application";
		};
		76E16591200F786400898273 /* iOS-client-wakatimeTests */ = {
			isa = PBXNativeTarget;
			buildConfigurationList = 76E1659E200F786400898273 /* Build configuration list for PBXNativeTarget "iOS-client-wakatimeTests" */;
			buildPhases = (
				9B5300AA66B71601377143FC /* [CP] Check Pods Manifest.lock */,
				76E1658E200F786400898273 /* Sources */,
				76E1658F200F786400898273 /* Frameworks */,
				76E16590200F786400898273 /* Resources */,
				72BD17AD68C40A28210F3976 /* [CP] Embed Pods Frameworks */,
				30E1FA6A73C6514355B6265E /* [CP] Copy Pods Resources */,
			);
			buildRules = (
			);
			dependencies = (
				76E16594200F786400898273 /* PBXTargetDependency */,
			);
			name = "iOS-client-wakatimeTests";
			productName = "iOS-client-wakatimeTests";
			productReference = 76E16592200F786400898273 /* iOS-client-wakatimeTests.xctest */;
			productType = "com.apple.product-type.bundle.unit-test";
		};
/* End PBXNativeTarget section */

/* Begin PBXProject section */
		76E16576200F786400898273 /* Project object */ = {
			isa = PBXProject;
			attributes = {
				LastSwiftUpdateCheck = 0920;
				LastUpgradeCheck = 0920;
				ORGANIZATIONNAME = dorovska;
				TargetAttributes = {
					76E1657D200F786400898273 = {
						CreatedOnToolsVersion = 9.2;
						ProvisioningStyle = Automatic;
					};
					76E16591200F786400898273 = {
						CreatedOnToolsVersion = 9.2;
						ProvisioningStyle = Automatic;
						TestTargetID = 76E1657D200F786400898273;
					};
				};
			};
			buildConfigurationList = 76E16579200F786400898273 /* Build configuration list for PBXProject "iOS-client-wakatime" */;
			compatibilityVersion = "Xcode 8.0";
			developmentRegion = en;
			hasScannedForEncodings = 0;
			knownRegions = (
				en,
				Base,
			);
			mainGroup = 76E16575200F786400898273;
			productRefGroup = 76E1657F200F786400898273 /* Products */;
			projectDirPath = "";
			projectRoot = "";
			targets = (
				76E1657D200F786400898273 /* iOS-client-wakatime */,
				76E16591200F786400898273 /* iOS-client-wakatimeTests */,
			);
		};
/* End PBXProject section */

/* Begin PBXResourcesBuildPhase section */
		76E1657C200F786400898273 /* Resources */ = {
			isa = PBXResourcesBuildPhase;
			buildActionMask = 2147483647;
			files = (
				76E165A5200F82FD00898273 /* .gitignore in Resources */,
				76E1658C200F786400898273 /* LaunchScreen.storyboard in Resources */,
				76E16589200F786400898273 /* Assets.xcassets in Resources */,
				76E16587200F786400898273 /* Main.storyboard in Resources */,
			);
			runOnlyForDeploymentPostprocessing = 0;
		};
		76E16590200F786400898273 /* Resources */ = {
			isa = PBXResourcesBuildPhase;
			buildActionMask = 2147483647;
			files = (
			);
			runOnlyForDeploymentPostprocessing = 0;
		};
/* End PBXResourcesBuildPhase section */

/* Begin PBXShellScriptBuildPhase section */
		2DF27EAC03E807B6F1EA3473 /* [CP] Check Pods Manifest.lock */ = {
			isa = PBXShellScriptBuildPhase;
			buildActionMask = 2147483647;
			files = (
			);
			inputPaths = (
				"${PODS_PODFILE_DIR_PATH}/Podfile.lock",
				"${PODS_ROOT}/Manifest.lock",
			);
			name = "[CP] Check Pods Manifest.lock";
			outputPaths = (
				"$(DERIVED_FILE_DIR)/Pods-iOS-client-wakatime-checkManifestLockResult.txt",
			);
			runOnlyForDeploymentPostprocessing = 0;
			shellPath = /bin/sh;
			shellScript = "diff \"${PODS_PODFILE_DIR_PATH}/Podfile.lock\" \"${PODS_ROOT}/Manifest.lock\" > /dev/null\nif [ $? != 0 ] ; then\n    # print error to STDERR\n    echo \"error: The sandbox is not in sync with the Podfile.lock. Run 'pod install' or update your CocoaPods installation.\" >&2\n    exit 1\nfi\n# This output is used by Xcode 'outputs' to avoid re-running this script phase.\necho \"SUCCESS\" > \"${SCRIPT_OUTPUT_FILE_0}\"\n";
			showEnvVarsInLog = 0;
		};
		30E1FA6A73C6514355B6265E /* [CP] Copy Pods Resources */ = {
			isa = PBXShellScriptBuildPhase;
			buildActionMask = 2147483647;
			files = (
			);
			inputPaths = (
			);
			name = "[CP] Copy Pods Resources";
			outputPaths = (
			);
			runOnlyForDeploymentPostprocessing = 0;
			shellPath = /bin/sh;
			shellScript = "\"${SRCROOT}/Pods/Target Support Files/Pods-iOS-client-wakatimeTests/Pods-iOS-client-wakatimeTests-resources.sh\"\n";
			showEnvVarsInLog = 0;
		};
		72BD17AD68C40A28210F3976 /* [CP] Embed Pods Frameworks */ = {
			isa = PBXShellScriptBuildPhase;
			buildActionMask = 2147483647;
			files = (
			);
			inputPaths = (
			);
			name = "[CP] Embed Pods Frameworks";
			outputPaths = (
			);
			runOnlyForDeploymentPostprocessing = 0;
			shellPath = /bin/sh;
			shellScript = "\"${SRCROOT}/Pods/Target Support Files/Pods-iOS-client-wakatimeTests/Pods-iOS-client-wakatimeTests-frameworks.sh\"\n";
			showEnvVarsInLog = 0;
		};
		85F127205E848F72A420A260 /* [CP] Copy Pods Resources */ = {
			isa = PBXShellScriptBuildPhase;
			buildActionMask = 2147483647;
			files = (
			);
			inputPaths = (
			);
			name = "[CP] Copy Pods Resources";
			outputPaths = (
			);
			runOnlyForDeploymentPostprocessing = 0;
			shellPath = /bin/sh;
			shellScript = "\"${SRCROOT}/Pods/Target Support Files/Pods-iOS-client-wakatime/Pods-iOS-client-wakatime-resources.sh\"\n";
			showEnvVarsInLog = 0;
		};
		8A537FEED921BCAE84CEF552 /* [CP] Embed Pods Frameworks */ = {
			isa = PBXShellScriptBuildPhase;
			buildActionMask = 2147483647;
			files = (
			);
			inputPaths = (
				"${SRCROOT}/Pods/Target Support Files/Pods-iOS-client-wakatime/Pods-iOS-client-wakatime-frameworks.sh",
				"${BUILT_PRODUCTS_DIR}/Alamofire/Alamofire.framework",
				"${BUILT_PRODUCTS_DIR}/AlamofireObjectMapper/AlamofireObjectMapper.framework",
				"${BUILT_PRODUCTS_DIR}/ObjectMapper/ObjectMapper.framework",
				"${BUILT_PRODUCTS_DIR}/SwiftyBeaver/SwiftyBeaver.framework",
			);
			name = "[CP] Embed Pods Frameworks";
			outputPaths = (
				"${TARGET_BUILD_DIR}/${FRAMEWORKS_FOLDER_PATH}/Alamofire.framework",
				"${TARGET_BUILD_DIR}/${FRAMEWORKS_FOLDER_PATH}/AlamofireObjectMapper.framework",
				"${TARGET_BUILD_DIR}/${FRAMEWORKS_FOLDER_PATH}/ObjectMapper.framework",
				"${TARGET_BUILD_DIR}/${FRAMEWORKS_FOLDER_PATH}/SwiftyBeaver.framework",
			);
			runOnlyForDeploymentPostprocessing = 0;
			shellPath = /bin/sh;
			shellScript = "\"${SRCROOT}/Pods/Target Support Files/Pods-iOS-client-wakatime/Pods-iOS-client-wakatime-frameworks.sh\"\n";
			showEnvVarsInLog = 0;
		};
		9B5300AA66B71601377143FC /* [CP] Check Pods Manifest.lock */ = {
			isa = PBXShellScriptBuildPhase;
			buildActionMask = 2147483647;
			files = (
			);
			inputPaths = (
				"${PODS_PODFILE_DIR_PATH}/Podfile.lock",
				"${PODS_ROOT}/Manifest.lock",
			);
			name = "[CP] Check Pods Manifest.lock";
			outputPaths = (
				"$(DERIVED_FILE_DIR)/Pods-iOS-client-wakatimeTests-checkManifestLockResult.txt",
			);
			runOnlyForDeploymentPostprocessing = 0;
			shellPath = /bin/sh;
			shellScript = "diff \"${PODS_PODFILE_DIR_PATH}/Podfile.lock\" \"${PODS_ROOT}/Manifest.lock\" > /dev/null\nif [ $? != 0 ] ; then\n    # print error to STDERR\n    echo \"error: The sandbox is not in sync with the Podfile.lock. Run 'pod install' or update your CocoaPods installation.\" >&2\n    exit 1\nfi\n# This output is used by Xcode 'outputs' to avoid re-running this script phase.\necho \"SUCCESS\" > \"${SCRIPT_OUTPUT_FILE_0}\"\n";
			showEnvVarsInLog = 0;
		};
/* End PBXShellScriptBuildPhase section */

/* Begin PBXSourcesBuildPhase section */
		76E1657A200F786400898273 /* Sources */ = {
			isa = PBXSourcesBuildPhase;
			buildActionMask = 2147483647;
			files = (
				763F92AB201A007600818354 /* StatisticsController.swift in Sources */,
				763F92B3201A1D4C00818354 /* Editor.swift in Sources */,
				763F92B5201A1D6300818354 /* Language.swift in Sources */,
				76E16584200F786400898273 /* WakaTimeLoginViewController.swift in Sources */,
				763F92B7201A1D6F00818354 /* OperatingSystem.swift in Sources */,
				76B737382018A8D5005260D5 /* KeychainConfiguration.swift in Sources */,
				76B737362018A863005260D5 /* KeychainPasswordItem.swift in Sources */,
				76F456FA2017677A00AF3F8B /* WakaTimeDiagramViewController.swift in Sources */,
				763F92AF201A1D0F00818354 /* StatisticData.swift in Sources */,
				763F92B1201A1D3400818354 /* BestDay.swift in Sources */,
				76E16582200F786400898273 /* AppDelegate.swift in Sources */,
				763F92AD201A053200818354 /* Statistic.swift in Sources */,
				763F92B9201A1D7C00818354 /* Project.swift in Sources */,
			);
			runOnlyForDeploymentPostprocessing = 0;
		};
		76E1658E200F786400898273 /* Sources */ = {
			isa = PBXSourcesBuildPhase;
			buildActionMask = 2147483647;
			files = (
				76E16597200F786400898273 /* iOS_client_wakatimeTests.swift in Sources */,
			);
			runOnlyForDeploymentPostprocessing = 0;
		};
/* End PBXSourcesBuildPhase section */

/* Begin PBXTargetDependency section */
		76E16594200F786400898273 /* PBXTargetDependency */ = {
			isa = PBXTargetDependency;
			target = 76E1657D200F786400898273 /* iOS-client-wakatime */;
			targetProxy = 76E16593200F786400898273 /* PBXContainerItemProxy */;
		};
/* End PBXTargetDependency section */

/* Begin PBXVariantGroup section */
		76E16585200F786400898273 /* Main.storyboard */ = {
			isa = PBXVariantGroup;
			children = (
				76E16586200F786400898273 /* Base */,
			);
			name = Main.storyboard;
			sourceTree = "<group>";
		};
		76E1658A200F786400898273 /* LaunchScreen.storyboard */ = {
			isa = PBXVariantGroup;
			children = (
				76E1658B200F786400898273 /* Base */,
			);
			name = LaunchScreen.storyboard;
			sourceTree = "<group>";
		};
/* End PBXVariantGroup section */

/* Begin XCBuildConfiguration section */
		76E16599200F786400898273 /* Debug */ = {
			isa = XCBuildConfiguration;
			buildSettings = {
				ALWAYS_SEARCH_USER_PATHS = NO;
				CLANG_ANALYZER_NONNULL = YES;
				CLANG_ANALYZER_NUMBER_OBJECT_CONVERSION = YES_AGGRESSIVE;
				CLANG_CXX_LANGUAGE_STANDARD = "gnu++14";
				CLANG_CXX_LIBRARY = "libc++";
				CLANG_ENABLE_MODULES = YES;
				CLANG_ENABLE_OBJC_ARC = YES;
				CLANG_WARN_BLOCK_CAPTURE_AUTORELEASING = YES;
				CLANG_WARN_BOOL_CONVERSION = YES;
				CLANG_WARN_COMMA = YES;
				CLANG_WARN_CONSTANT_CONVERSION = YES;
				CLANG_WARN_DIRECT_OBJC_ISA_USAGE = YES_ERROR;
				CLANG_WARN_DOCUMENTATION_COMMENTS = YES;
				CLANG_WARN_EMPTY_BODY = YES;
				CLANG_WARN_ENUM_CONVERSION = YES;
				CLANG_WARN_INFINITE_RECURSION = YES;
				CLANG_WARN_INT_CONVERSION = YES;
				CLANG_WARN_NON_LITERAL_NULL_CONVERSION = YES;
				CLANG_WARN_OBJC_LITERAL_CONVERSION = YES;
				CLANG_WARN_OBJC_ROOT_CLASS = YES_ERROR;
				CLANG_WARN_RANGE_LOOP_ANALYSIS = YES;
				CLANG_WARN_STRICT_PROTOTYPES = YES;
				CLANG_WARN_SUSPICIOUS_MOVE = YES;
				CLANG_WARN_UNGUARDED_AVAILABILITY = YES_AGGRESSIVE;
				CLANG_WARN_UNREACHABLE_CODE = YES;
				CLANG_WARN__DUPLICATE_METHOD_MATCH = YES;
				CODE_SIGN_IDENTITY = "iPhone Developer";
				COPY_PHASE_STRIP = NO;
				DEBUG_INFORMATION_FORMAT = dwarf;
				ENABLE_STRICT_OBJC_MSGSEND = YES;
				ENABLE_TESTABILITY = YES;
				GCC_C_LANGUAGE_STANDARD = gnu11;
				GCC_DYNAMIC_NO_PIC = NO;
				GCC_NO_COMMON_BLOCKS = YES;
				GCC_OPTIMIZATION_LEVEL = 0;
				GCC_PREPROCESSOR_DEFINITIONS = (
					"DEBUG=1",
					"$(inherited)",
				);
				GCC_WARN_64_TO_32_BIT_CONVERSION = YES;
				GCC_WARN_ABOUT_RETURN_TYPE = YES_ERROR;
				GCC_WARN_UNDECLARED_SELECTOR = YES;
				GCC_WARN_UNINITIALIZED_AUTOS = YES_AGGRESSIVE;
				GCC_WARN_UNUSED_FUNCTION = YES;
				GCC_WARN_UNUSED_VARIABLE = YES;
				IPHONEOS_DEPLOYMENT_TARGET = 11.2;
				MTL_ENABLE_DEBUG_INFO = YES;
				ONLY_ACTIVE_ARCH = YES;
				SDKROOT = iphoneos;
				SWIFT_ACTIVE_COMPILATION_CONDITIONS = DEBUG;
				SWIFT_OPTIMIZATION_LEVEL = "-Onone";
			};
			name = Debug;
		};
		76E1659A200F786400898273 /* Release */ = {
			isa = XCBuildConfiguration;
			buildSettings = {
				ALWAYS_SEARCH_USER_PATHS = NO;
				CLANG_ANALYZER_NONNULL = YES;
				CLANG_ANALYZER_NUMBER_OBJECT_CONVERSION = YES_AGGRESSIVE;
				CLANG_CXX_LANGUAGE_STANDARD = "gnu++14";
				CLANG_CXX_LIBRARY = "libc++";
				CLANG_ENABLE_MODULES = YES;
				CLANG_ENABLE_OBJC_ARC = YES;
				CLANG_WARN_BLOCK_CAPTURE_AUTORELEASING = YES;
				CLANG_WARN_BOOL_CONVERSION = YES;
				CLANG_WARN_COMMA = YES;
				CLANG_WARN_CONSTANT_CONVERSION = YES;
				CLANG_WARN_DIRECT_OBJC_ISA_USAGE = YES_ERROR;
				CLANG_WARN_DOCUMENTATION_COMMENTS = YES;
				CLANG_WARN_EMPTY_BODY = YES;
				CLANG_WARN_ENUM_CONVERSION = YES;
				CLANG_WARN_INFINITE_RECURSION = YES;
				CLANG_WARN_INT_CONVERSION = YES;
				CLANG_WARN_NON_LITERAL_NULL_CONVERSION = YES;
				CLANG_WARN_OBJC_LITERAL_CONVERSION = YES;
				CLANG_WARN_OBJC_ROOT_CLASS = YES_ERROR;
				CLANG_WARN_RANGE_LOOP_ANALYSIS = YES;
				CLANG_WARN_STRICT_PROTOTYPES = YES;
				CLANG_WARN_SUSPICIOUS_MOVE = YES;
				CLANG_WARN_UNGUARDED_AVAILABILITY = YES_AGGRESSIVE;
				CLANG_WARN_UNREACHABLE_CODE = YES;
				CLANG_WARN__DUPLICATE_METHOD_MATCH = YES;
				CODE_SIGN_IDENTITY = "iPhone Developer";
				COPY_PHASE_STRIP = NO;
				DEBUG_INFORMATION_FORMAT = "dwarf-with-dsym";
				ENABLE_NS_ASSERTIONS = NO;
				ENABLE_STRICT_OBJC_MSGSEND = YES;
				GCC_C_LANGUAGE_STANDARD = gnu11;
				GCC_NO_COMMON_BLOCKS = YES;
				GCC_WARN_64_TO_32_BIT_CONVERSION = YES;
				GCC_WARN_ABOUT_RETURN_TYPE = YES_ERROR;
				GCC_WARN_UNDECLARED_SELECTOR = YES;
				GCC_WARN_UNINITIALIZED_AUTOS = YES_AGGRESSIVE;
				GCC_WARN_UNUSED_FUNCTION = YES;
				GCC_WARN_UNUSED_VARIABLE = YES;
				IPHONEOS_DEPLOYMENT_TARGET = 11.2;
				MTL_ENABLE_DEBUG_INFO = NO;
				SDKROOT = iphoneos;
				SWIFT_OPTIMIZATION_LEVEL = "-Owholemodule";
				VALIDATE_PRODUCT = YES;
			};
			name = Release;
		};
		76E1659C200F786400898273 /* Debug */ = {
			isa = XCBuildConfiguration;
			baseConfigurationReference = B527DF088FEF320031175D45 /* Pods-iOS-client-wakatime.debug.xcconfig */;
			buildSettings = {
				ASSETCATALOG_COMPILER_APPICON_NAME = AppIcon;
				CODE_SIGN_STYLE = Automatic;
				DEVELOPMENT_TEAM = XB8UM3Q2JA;
				INFOPLIST_FILE = "iOS-client-wakatime/Info.plist";
				LD_RUNPATH_SEARCH_PATHS = "$(inherited) @executable_path/Frameworks";
				PRODUCT_BUNDLE_IDENTIFIER = "com.dorovska.iOS-client-wakatime";
				PRODUCT_NAME = "$(TARGET_NAME)";
				SWIFT_VERSION = 4.0;
				TARGETED_DEVICE_FAMILY = "1,2";
			};
			name = Debug;
		};
		76E1659D200F786400898273 /* Release */ = {
			isa = XCBuildConfiguration;
			baseConfigurationReference = C8891AF9F153BC2035D85798 /* Pods-iOS-client-wakatime.release.xcconfig */;
			buildSettings = {
				ASSETCATALOG_COMPILER_APPICON_NAME = AppIcon;
				CODE_SIGN_STYLE = Automatic;
				DEVELOPMENT_TEAM = XB8UM3Q2JA;
				INFOPLIST_FILE = "iOS-client-wakatime/Info.plist";
				LD_RUNPATH_SEARCH_PATHS = "$(inherited) @executable_path/Frameworks";
				PRODUCT_BUNDLE_IDENTIFIER = "com.dorovska.iOS-client-wakatime";
				PRODUCT_NAME = "$(TARGET_NAME)";
				SWIFT_VERSION = 4.0;
				TARGETED_DEVICE_FAMILY = "1,2";
			};
			name = Release;
		};
		76E1659F200F786400898273 /* Debug */ = {
			isa = XCBuildConfiguration;
			baseConfigurationReference = 3D41A6A5158E32E2EFA83206 /* Pods-iOS-client-wakatimeTests.debug.xcconfig */;
			buildSettings = {
				ALWAYS_EMBED_SWIFT_STANDARD_LIBRARIES = YES;
				BUNDLE_LOADER = "$(TEST_HOST)";
				CODE_SIGN_STYLE = Automatic;
				DEVELOPMENT_TEAM = XB8UM3Q2JA;
				INFOPLIST_FILE = "iOS-client-wakatimeTests/Info.plist";
				LD_RUNPATH_SEARCH_PATHS = "$(inherited) @executable_path/Frameworks @loader_path/Frameworks";
				PRODUCT_BUNDLE_IDENTIFIER = "com.dorovska.iOS-client-wakatimeTests";
				PRODUCT_NAME = "$(TARGET_NAME)";
				SWIFT_VERSION = 4.0;
				TARGETED_DEVICE_FAMILY = "1,2";
				TEST_HOST = "$(BUILT_PRODUCTS_DIR)/iOS-client-wakatime.app/iOS-client-wakatime";
			};
			name = Debug;
		};
		76E165A0200F786400898273 /* Release */ = {
			isa = XCBuildConfiguration;
			baseConfigurationReference = 7B08D060A20379ABC1BFEADF /* Pods-iOS-client-wakatimeTests.release.xcconfig */;
			buildSettings = {
				ALWAYS_EMBED_SWIFT_STANDARD_LIBRARIES = YES;
				BUNDLE_LOADER = "$(TEST_HOST)";
				CODE_SIGN_STYLE = Automatic;
				DEVELOPMENT_TEAM = XB8UM3Q2JA;
				INFOPLIST_FILE = "iOS-client-wakatimeTests/Info.plist";
				LD_RUNPATH_SEARCH_PATHS = "$(inherited) @executable_path/Frameworks @loader_path/Frameworks";
				PRODUCT_BUNDLE_IDENTIFIER = "com.dorovska.iOS-client-wakatimeTests";
				PRODUCT_NAME = "$(TARGET_NAME)";
				SWIFT_VERSION = 4.0;
				TARGETED_DEVICE_FAMILY = "1,2";
				TEST_HOST = "$(BUILT_PRODUCTS_DIR)/iOS-client-wakatime.app/iOS-client-wakatime";
			};
			name = Release;
		};
/* End XCBuildConfiguration section */

/* Begin XCConfigurationList section */
		76E16579200F786400898273 /* Build configuration list for PBXProject "iOS-client-wakatime" */ = {
			isa = XCConfigurationList;
			buildConfigurations = (
				76E16599200F786400898273 /* Debug */,
				76E1659A200F786400898273 /* Release */,
			);
			defaultConfigurationIsVisible = 0;
			defaultConfigurationName = Release;
		};
		76E1659B200F786400898273 /* Build configuration list for PBXNativeTarget "iOS-client-wakatime" */ = {
			isa = XCConfigurationList;
			buildConfigurations = (
				76E1659C200F786400898273 /* Debug */,
				76E1659D200F786400898273 /* Release */,
			);
			defaultConfigurationIsVisible = 0;
			defaultConfigurationName = Release;
		};
		76E1659E200F786400898273 /* Build configuration list for PBXNativeTarget "iOS-client-wakatimeTests" */ = {
			isa = XCConfigurationList;
			buildConfigurations = (
				76E1659F200F786400898273 /* Debug */,
				76E165A0200F786400898273 /* Release */,
			);
			defaultConfigurationIsVisible = 0;
			defaultConfigurationName = Release;
		};
/* End XCConfigurationList section */
	};
	rootObject = 76E16576200F786400898273 /* Project object */;
}
